
Microsoft Visual Studio Solution File, Format Version 12.00
# Visual Studio Version 17
VisualStudioVersion = 17.11.35327.3
MinimumVisualStudioVersion = 10.0.40219.1
Project("{FAE04EC0-301F-11D3-BF4B-00C04F79EFBC}") = "ProyectoSemaforos", "ProyectoSemaforos.csproj", "{327FA2F6-F61A-40B6-AA58-240A18CA65EF}"
EndProject
Global
	GlobalSection(SolutionConfigurationPlatforms) = preSolution
		Debug|Any CPU = Debug|Any CPU
		Release|Any CPU = Release|Any CPU
	EndGlobalSection
	GlobalSection(ProjectConfigurationPlatforms) = postSolution
		{327FA2F6-F61A-40B6-AA58-240A18CA65EF}.Debug|Any CPU.ActiveCfg = Debug|Any CPU
		{327FA2F6-F61A-40B6-AA58-240A18CA65EF}.Debug|Any CPU.Build.0 = Debug|Any CPU
		{327FA2F6-F61A-40B6-AA58-240A18CA65EF}.Release|Any CPU.ActiveCfg = Release|Any CPU
		{327FA2F6-F61A-40B6-AA58-240A18CA65EF}.Release|Any CPU.Build.0 = Release|Any CPU
	EndGlobalSection
	GlobalSection(SolutionProperties) = preSolution
		HideSolutionNode = FALSE
	EndGlobalSection
	GlobalSection(ExtensibilityGlobals) = postSolution
		SolutionGuid = {ED7D88B6-E2AF-4B73-B6DA-EF4C45E46C26}
	EndGlobalSection
EndGlobal
